
Microsoft Visual Studio Solution File, Format Version 12.00
# Visual Studio Version 17
VisualStudioVersion = 17.1.32319.34
MinimumVisualStudioVersion = 10.0.40219.1
Project("{FAE04EC0-301F-11D3-BF4B-00C04F79EFBC}") = "HomeWork_05_01", "HomeWork_05_01.csproj", "{23E0EC02-A3EE-4BE3-87FC-E46C4D6A1C85}"
EndProject
Global
	GlobalSection(SolutionConfigurationPlatforms) = preSolution
		Debug|Any CPU = Debug|Any CPU
		Release|Any CPU = Release|Any CPU
	EndGlobalSection
	GlobalSection(ProjectConfigurationPlatforms) = postSolution
		{23E0EC02-A3EE-4BE3-87FC-E46C4D6A1C85}.Debug|Any CPU.ActiveCfg = Debug|Any CPU
		{23E0EC02-A3EE-4BE3-87FC-E46C4D6A1C85}.Debug|Any CPU.Build.0 = Debug|Any CPU
		{23E0EC02-A3EE-4BE3-87FC-E46C4D6A1C85}.Release|Any CPU.ActiveCfg = Release|Any CPU
		{23E0EC02-A3EE-4BE3-87FC-E46C4D6A1C85}.Release|Any CPU.Build.0 = Release|Any CPU
	EndGlobalSection
	GlobalSection(SolutionProperties) = preSolution
		HideSolutionNode = FALSE
	EndGlobalSection
	GlobalSection(ExtensibilityGlobals) = postSolution
		SolutionGuid = {A0197CEB-377F-4150-989F-8F9CFB37BC06}
	EndGlobalSection
EndGlobal
