
Microsoft Visual Studio Solution File, Format Version 12.00
# Visual Studio Version 17
VisualStudioVersion = 17.1.32319.34
MinimumVisualStudioVersion = 10.0.40219.1
Project("{FAE04EC0-301F-11D3-BF4B-00C04F79EFBC}") = "HomeWork_04_01", "HomeWork_04_01.csproj", "{3A4AFC97-8E54-4243-898B-E58E4CBEE85D}"
EndProject
Global
	GlobalSection(SolutionConfigurationPlatforms) = preSolution
		Debug|Any CPU = Debug|Any CPU
		Release|Any CPU = Release|Any CPU
	EndGlobalSection
	GlobalSection(ProjectConfigurationPlatforms) = postSolution
		{3A4AFC97-8E54-4243-898B-E58E4CBEE85D}.Debug|Any CPU.ActiveCfg = Debug|Any CPU
		{3A4AFC97-8E54-4243-898B-E58E4CBEE85D}.Debug|Any CPU.Build.0 = Debug|Any CPU
		{3A4AFC97-8E54-4243-898B-E58E4CBEE85D}.Release|Any CPU.ActiveCfg = Release|Any CPU
		{3A4AFC97-8E54-4243-898B-E58E4CBEE85D}.Release|Any CPU.Build.0 = Release|Any CPU
	EndGlobalSection
	GlobalSection(SolutionProperties) = preSolution
		HideSolutionNode = FALSE
	EndGlobalSection
	GlobalSection(ExtensibilityGlobals) = postSolution
		SolutionGuid = {AD93954E-D429-4B3F-B29E-FEC3EEB0E257}
	EndGlobalSection
EndGlobal
