
Microsoft Visual Studio Solution File, Format Version 12.00
# Visual Studio Version 17
VisualStudioVersion = 17.1.32319.34
MinimumVisualStudioVersion = 10.0.40219.1
Project("{FAE04EC0-301F-11D3-BF4B-00C04F79EFBC}") = "HomeWork_03_03", "HomeWork_03_03.csproj", "{5F5AC1A8-B66C-4554-BA03-ECDE2F33B0CB}"
EndProject
Global
	GlobalSection(SolutionConfigurationPlatforms) = preSolution
		Debug|Any CPU = Debug|Any CPU
		Release|Any CPU = Release|Any CPU
	EndGlobalSection
	GlobalSection(ProjectConfigurationPlatforms) = postSolution
		{5F5AC1A8-B66C-4554-BA03-ECDE2F33B0CB}.Debug|Any CPU.ActiveCfg = Debug|Any CPU
		{5F5AC1A8-B66C-4554-BA03-ECDE2F33B0CB}.Debug|Any CPU.Build.0 = Debug|Any CPU
		{5F5AC1A8-B66C-4554-BA03-ECDE2F33B0CB}.Release|Any CPU.ActiveCfg = Release|Any CPU
		{5F5AC1A8-B66C-4554-BA03-ECDE2F33B0CB}.Release|Any CPU.Build.0 = Release|Any CPU
	EndGlobalSection
	GlobalSection(SolutionProperties) = preSolution
		HideSolutionNode = FALSE
	EndGlobalSection
	GlobalSection(ExtensibilityGlobals) = postSolution
		SolutionGuid = {54C7DF84-EF84-4AB5-9C71-C5BC03EE9B66}
	EndGlobalSection
EndGlobal
