
Microsoft Visual Studio Solution File, Format Version 12.00
# Visual Studio Version 17
VisualStudioVersion = 17.1.32319.34
MinimumVisualStudioVersion = 10.0.40219.1
Project("{FAE04EC0-301F-11D3-BF4B-00C04F79EFBC}") = "HomeWork_04_02", "HomeWork_04_02.csproj", "{ACEA2AEF-D2E0-400B-8463-A28C592C3987}"
EndProject
Global
	GlobalSection(SolutionConfigurationPlatforms) = preSolution
		Debug|Any CPU = Debug|Any CPU
		Release|Any CPU = Release|Any CPU
	EndGlobalSection
	GlobalSection(ProjectConfigurationPlatforms) = postSolution
		{ACEA2AEF-D2E0-400B-8463-A28C592C3987}.Debug|Any CPU.ActiveCfg = Debug|Any CPU
		{ACEA2AEF-D2E0-400B-8463-A28C592C3987}.Debug|Any CPU.Build.0 = Debug|Any CPU
		{ACEA2AEF-D2E0-400B-8463-A28C592C3987}.Release|Any CPU.ActiveCfg = Release|Any CPU
		{ACEA2AEF-D2E0-400B-8463-A28C592C3987}.Release|Any CPU.Build.0 = Release|Any CPU
	EndGlobalSection
	GlobalSection(SolutionProperties) = preSolution
		HideSolutionNode = FALSE
	EndGlobalSection
	GlobalSection(ExtensibilityGlobals) = postSolution
		SolutionGuid = {6F4C1887-D8A4-40CE-9AFC-35E4195049D2}
	EndGlobalSection
EndGlobal
